{
  "name": "벨로퍼트",
  "lockfileVersion": 2,
  "requires": true,
  "packages": {
    "": {
      "dependencies": {
        "@sentry/browser": "^7.12.1",
        "@sentry/react": "^7.12.1",
        "@sentry/tracing": "^7.12.1"
      }
    },
    "node_modules/@sentry/browser": {
      "version": "7.12.1",
      "resolved": "https://registry.npmjs.org/@sentry/browser/-/browser-7.12.1.tgz",
      "integrity": "sha512-pgyL65CrGFLe8sKcEG8KXAuVTE8zkAsyTlv/AuME06cSdxzO/memPK/r3BI6EM7WupIdga+V5tQUldeT1kgHNA==",
      "license": "BSD-3-Clause",
      "dependencies": {
        "@sentry/core": "7.12.1",
        "@sentry/types": "7.12.1",
        "@sentry/utils": "7.12.1",
        "tslib": "^1.9.3"
      },
      "engines": {
        "node": ">=8"
      }
    },
    "node_modules/@sentry/core": {
      "version": "7.12.1",
      "resolved": "https://registry.npmjs.org/@sentry/core/-/core-7.12.1.tgz",
      "integrity": "sha512-DFHbzHFjukhlkRZ5xzfebx0IBzblW43kmfnalBBq7xEMscUvnhsYnlvL9Y20tuPZ/PrTcq4JAHbFluAvw6M0QQ==",
      "license": "BSD-3-Clause",
      "dependencies": {
        "@sentry/hub": "7.12.1",
        "@sentry/types": "7.12.1",
        "@sentry/utils": "7.12.1",
        "tslib": "^1.9.3"
      },
      "engines": {
        "node": ">=8"
      }
    },
    "node_modules/@sentry/hub": {
      "version": "7.12.1",
      "resolved": "https://registry.npmjs.org/@sentry/hub/-/hub-7.12.1.tgz",
      "integrity": "sha512-KLVnVqXf+CRmXNy9/T8K2/js7QvOQ94xtgP5KnWJbu2rl+JhxnIGiBRF51lPXFIatt7zWwB9qNdMS8lVsvLMGQ==",
      "license": "BSD-3-Clause",
      "dependencies": {
        "@sentry/types": "7.12.1",
        "@sentry/utils": "7.12.1",
        "tslib": "^1.9.3"
      },
      "engines": {
        "node": ">=8"
      }
    },
    "node_modules/@sentry/react": {
      "version": "7.12.1",
      "resolved": "https://registry.npmjs.org/@sentry/react/-/react-7.12.1.tgz",
      "integrity": "sha512-CmdiRzhPpjD29GxlDJs+VIoLlQcKp1BfISQOfPUZNppWbKyRad+J5Z8tgg5MCNPHjQtcOT+0V+MsSdRNqtXg4g==",
      "dependencies": {
        "@sentry/browser": "7.12.1",
        "@sentry/types": "7.12.1",
        "@sentry/utils": "7.12.1",
        "hoist-non-react-statics": "^3.3.2",
        "tslib": "^1.9.3"
      },
      "engines": {
        "node": ">=8"
      },
      "peerDependencies": {
        "react": "15.x || 16.x || 17.x || 18.x"
      }
    },
    "node_modules/@sentry/tracing": {
      "version": "7.12.1",
      "resolved": "https://registry.npmjs.org/@sentry/tracing/-/tracing-7.12.1.tgz",
      "integrity": "sha512-WnweIt//IqkEkJSjA8DtnIeCdItYIqJSxNQ6qK+r546/ufxRYFBck2fbmM0oKZJVg2evbwhadrBTIUzYkqNj4A==",
      "dependencies": {
        "@sentry/hub": "7.12.1",
        "@sentry/types": "7.12.1",
        "@sentry/utils": "7.12.1",
        "tslib": "^1.9.3"
      },
      "engines": {
        "node": ">=8"
      }
    },
    "node_modules/@sentry/types": {
      "version": "7.12.1",
      "resolved": "https://registry.npmjs.org/@sentry/types/-/types-7.12.1.tgz",
      "integrity": "sha512-VGZs39SZgMcCGv7H0VyFy1LEFGsnFZH590JUopmz6nG63EpeYQ2xzhIoPNAiLKbyUvBEwukn+faCg3u3MGqhgQ==",
      "license": "BSD-3-Clause",
      "engines": {
        "node": ">=8"
      }
    },
    "node_modules/@sentry/utils": {
      "version": "7.12.1",
      "resolved": "https://registry.npmjs.org/@sentry/utils/-/utils-7.12.1.tgz",
      "integrity": "sha512-Dh8B13pC0u8uLM/zf+oZngyg808c6BDEO94F7H+h3IciCVVd92A0cOQwLGAEdf8srnJgpZJNAlSC8lFDhbFHzQ==",
      "license": "BSD-3-Clause",
      "dependencies": {
        "@sentry/types": "7.12.1",
        "tslib": "^1.9.3"
      },
      "engines": {
        "node": ">=8"
      }
    },
    "node_modules/hoist-non-react-statics": {
      "version": "3.3.2",
      "resolved": "https://registry.npmjs.org/hoist-non-react-statics/-/hoist-non-react-statics-3.3.2.tgz",
      "integrity": "sha512-/gGivxi8JPKWNm/W0jSmzcMPpfpPLc3dY/6GxhX2hQ9iGj3aDfklV4ET7NjKpSinLpJ5vafa9iiGIEZg10SfBw==",
      "license": "BSD-3-Clause",
      "dependencies": {
        "react-is": "^16.7.0"
      }
    },
    "node_modules/js-tokens": {
      "version": "4.0.0",
      "resolved": "https://registry.npmjs.org/js-tokens/-/js-tokens-4.0.0.tgz",
      "integrity": "sha512-RdJUflcE3cUzKiMqQgsCu06FPu9UdIJO0beYbPhHN4k6apgJtifcoCtT9bcxOpYBtpD2kCM6Sbzg4CausW/PKQ==",
      "peer": true
    },
    "node_modules/loose-envify": {
      "version": "1.4.0",
      "resolved": "https://registry.npmjs.org/loose-envify/-/loose-envify-1.4.0.tgz",
      "integrity": "sha512-lyuxPGr/Wfhrlem2CL/UcnUc1zcqKAImBDzukY7Y5F/yQiNdko6+fRLevlw1HgMySw7f611UIY408EtxRSoK3Q==",
      "peer": true,
      "dependencies": {
        "js-tokens": "^3.0.0 || ^4.0.0"
      },
      "bin": {
        "loose-envify": "cli.js"
      }
    },
    "node_modules/react": {
      "version": "18.2.0",
      "resolved": "https://registry.npmjs.org/react/-/react-18.2.0.tgz",
      "integrity": "sha512-/3IjMdb2L9QbBdWiW5e3P2/npwMBaU9mHCSCUzNln0ZCYbcfTsGbTJrU/kGemdH2IWmB2ioZ+zkxtmq6g09fGQ==",
      "peer": true,
      "dependencies": {
        "loose-envify": "^1.1.0"
      },
      "engines": {
        "node": ">=0.10.0"
      }
    },
    "node_modules/react-is": {
      "version": "16.13.1",
      "resolved": "https://registry.npmjs.org/react-is/-/react-is-16.13.1.tgz",
      "integrity": "sha512-24e6ynE2H+OKt4kqsOvNd8kBpV65zoxbA4BVsEOB3ARVWQki/DHzaUoC5KuON/BiccDaCCTZBuOcfZs70kR8bQ==",
      "license": "MIT"
    },
    "node_modules/tslib": {
      "version": "1.14.1",
      "resolved": "https://registry.npmjs.org/tslib/-/tslib-1.14.1.tgz",
      "integrity": "sha512-Xni35NKzjgMrwevysHTCArtLDpPvye8zV/0E4EyYn43P7/7qvQwPh9BGkHewbMulVntbigmcT7rdX3BNo9wRJg==",
      "license": "0BSD"
    }
  },
  "dependencies": {
    "@sentry/browser": {
      "version": "7.12.1",
      "resolved": "https://registry.npmjs.org/@sentry/browser/-/browser-7.12.1.tgz",
      "integrity": "sha512-pgyL65CrGFLe8sKcEG8KXAuVTE8zkAsyTlv/AuME06cSdxzO/memPK/r3BI6EM7WupIdga+V5tQUldeT1kgHNA==",
      "requires": {
        "@sentry/core": "7.12.1",
        "@sentry/types": "7.12.1",
        "@sentry/utils": "7.12.1",
        "tslib": "^1.9.3"
      }
    },
    "@sentry/core": {
      "version": "7.12.1",
      "resolved": "https://registry.npmjs.org/@sentry/core/-/core-7.12.1.tgz",
      "integrity": "sha512-DFHbzHFjukhlkRZ5xzfebx0IBzblW43kmfnalBBq7xEMscUvnhsYnlvL9Y20tuPZ/PrTcq4JAHbFluAvw6M0QQ==",
      "requires": {
        "@sentry/hub": "7.12.1",
        "@sentry/types": "7.12.1",
        "@sentry/utils": "7.12.1",
        "tslib": "^1.9.3"
      }
    },
    "@sentry/hub": {
      "version": "7.12.1",
      "resolved": "https://registry.npmjs.org/@sentry/hub/-/hub-7.12.1.tgz",
      "integrity": "sha512-KLVnVqXf+CRmXNy9/T8K2/js7QvOQ94xtgP5KnWJbu2rl+JhxnIGiBRF51lPXFIatt7zWwB9qNdMS8lVsvLMGQ==",
      "requires": {
        "@sentry/types": "7.12.1",
        "@sentry/utils": "7.12.1",
        "tslib": "^1.9.3"
      }
    },
    "@sentry/react": {
      "version": "7.12.1",
      "resolved": "https://registry.npmjs.org/@sentry/react/-/react-7.12.1.tgz",
      "integrity": "sha512-CmdiRzhPpjD29GxlDJs+VIoLlQcKp1BfISQOfPUZNppWbKyRad+J5Z8tgg5MCNPHjQtcOT+0V+MsSdRNqtXg4g==",
      "requires": {
        "@sentry/browser": "7.12.1",
        "@sentry/types": "7.12.1",
        "@sentry/utils": "7.12.1",
        "hoist-non-react-statics": "^3.3.2",
        "tslib": "^1.9.3"
      }
    },
    "@sentry/tracing": {
      "version": "7.12.1",
      "resolved": "https://registry.npmjs.org/@sentry/tracing/-/tracing-7.12.1.tgz",
      "integrity": "sha512-WnweIt//IqkEkJSjA8DtnIeCdItYIqJSxNQ6qK+r546/ufxRYFBck2fbmM0oKZJVg2evbwhadrBTIUzYkqNj4A==",
      "requires": {
        "@sentry/hub": "7.12.1",
        "@sentry/types": "7.12.1",
        "@sentry/utils": "7.12.1",
        "tslib": "^1.9.3"
      }
    },
    "@sentry/types": {
      "version": "7.12.1",
      "resolved": "https://registry.npmjs.org/@sentry/types/-/types-7.12.1.tgz",
      "integrity": "sha512-VGZs39SZgMcCGv7H0VyFy1LEFGsnFZH590JUopmz6nG63EpeYQ2xzhIoPNAiLKbyUvBEwukn+faCg3u3MGqhgQ=="
    },
    "@sentry/utils": {
      "version": "7.12.1",
      "resolved": "https://registry.npmjs.org/@sentry/utils/-/utils-7.12.1.tgz",
      "integrity": "sha512-Dh8B13pC0u8uLM/zf+oZngyg808c6BDEO94F7H+h3IciCVVd92A0cOQwLGAEdf8srnJgpZJNAlSC8lFDhbFHzQ==",
      "requires": {
        "@sentry/types": "7.12.1",
        "tslib": "^1.9.3"
      }
    },
    "hoist-non-react-statics": {
      "version": "3.3.2",
      "resolved": "https://registry.npmjs.org/hoist-non-react-statics/-/hoist-non-react-statics-3.3.2.tgz",
      "integrity": "sha512-/gGivxi8JPKWNm/W0jSmzcMPpfpPLc3dY/6GxhX2hQ9iGj3aDfklV4ET7NjKpSinLpJ5vafa9iiGIEZg10SfBw==",
      "requires": {
        "react-is": "^16.7.0"
      }
    },
    "js-tokens": {
      "version": "4.0.0",
      "resolved": "https://registry.npmjs.org/js-tokens/-/js-tokens-4.0.0.tgz",
      "integrity": "sha512-RdJUflcE3cUzKiMqQgsCu06FPu9UdIJO0beYbPhHN4k6apgJtifcoCtT9bcxOpYBtpD2kCM6Sbzg4CausW/PKQ==",
      "peer": true
    },
    "loose-envify": {
      "version": "1.4.0",
      "resolved": "https://registry.npmjs.org/loose-envify/-/loose-envify-1.4.0.tgz",
      "integrity": "sha512-lyuxPGr/Wfhrlem2CL/UcnUc1zcqKAImBDzukY7Y5F/yQiNdko6+fRLevlw1HgMySw7f611UIY408EtxRSoK3Q==",
      "peer": true,
      "requires": {
        "js-tokens": "^3.0.0 || ^4.0.0"
      }
    },
    "react": {
      "version": "18.2.0",
      "resolved": "https://registry.npmjs.org/react/-/react-18.2.0.tgz",
      "integrity": "sha512-/3IjMdb2L9QbBdWiW5e3P2/npwMBaU9mHCSCUzNln0ZCYbcfTsGbTJrU/kGemdH2IWmB2ioZ+zkxtmq6g09fGQ==",
      "peer": true,
      "requires": {
        "loose-envify": "^1.1.0"
      }
    },
    "react-is": {
      "version": "16.13.1",
      "resolved": "https://registry.npmjs.org/react-is/-/react-is-16.13.1.tgz",
      "integrity": "sha512-24e6ynE2H+OKt4kqsOvNd8kBpV65zoxbA4BVsEOB3ARVWQki/DHzaUoC5KuON/BiccDaCCTZBuOcfZs70kR8bQ=="
    },
    "tslib": {
      "version": "1.14.1",
      "resolved": "https://registry.npmjs.org/tslib/-/tslib-1.14.1.tgz",
      "integrity": "sha512-Xni35NKzjgMrwevysHTCArtLDpPvye8zV/0E4EyYn43P7/7qvQwPh9BGkHewbMulVntbigmcT7rdX3BNo9wRJg=="
    }
  }
}
